// !$*UTF8*$!
{
	archiveVersion = 1;
	classes = {
	};
	objectVersion = 55;
	objects = {

/* Begin PBXBuildFile section */
		0A54156F28629D540050AF60 /* RecordDetail.storyboard in Resources */ = {isa = PBXBuildFile; fileRef = 0A54156E28629D540050AF60 /* RecordDetail.storyboard */; };
		0A54157128629D780050AF60 /* RecordDetailViewController.swift in Sources */ = {isa = PBXBuildFile; fileRef = 0A54157028629D780050AF60 /* RecordDetailViewController.swift */; };
		0A5FFF3D283BBDDD004D86E0 /* RunningRecordCell.swift in Sources */ = {isa = PBXBuildFile; fileRef = 0A5FFF3C283BBDDD004D86E0 /* RunningRecordCell.swift */; };
		0A67F3482835F9AF00AACCB8 /* SearchTabExtension.swift in Sources */ = {isa = PBXBuildFile; fileRef = 0A67F3472835F9AF00AACCB8 /* SearchTabExtension.swift */; };
		0A75B2B42837363C00544AB5 /* RecordTab.storyboard in Resources */ = {isa = PBXBuildFile; fileRef = 0A75B2B32837363C00544AB5 /* RecordTab.storyboard */; };
		0A75B2B62837364800544AB5 /* RecordTabViewController.swift in Sources */ = {isa = PBXBuildFile; fileRef = 0A75B2B52837364800544AB5 /* RecordTabViewController.swift */; };
		0AA674E528657EB7006A7E72 /* CalendarViewController.swift in Sources */ = {isa = PBXBuildFile; fileRef = 0AA674E428657EB7006A7E72 /* CalendarViewController.swift */; };
		0AA674E72866BECD006A7E72 /* RecordTabExtension.swift in Sources */ = {isa = PBXBuildFile; fileRef = 0AA674E62866BECD006A7E72 /* RecordTabExtension.swift */; };
		3A0F803128BD0A230071A621 /* StartTimePopUpViewController.swift in Sources */ = {isa = PBXBuildFile; fileRef = 3A0F803028BD0A230071A621 /* StartTimePopUpViewController.swift */; };
		3A27051028B7761800BBDA1D /* Room.xib in Resources */ = {isa = PBXBuildFile; fileRef = 3A27050F28B7761800BBDA1D /* Room.xib */; };
		3A27051328B77CD000BBDA1D /* UIView+.swift in Sources */ = {isa = PBXBuildFile; fileRef = 3A27051228B77CD000BBDA1D /* UIView+.swift */; };
		3A27051528B77E7E00BBDA1D /* RoomView.swift in Sources */ = {isa = PBXBuildFile; fileRef = 3A27051428B77E7E00BBDA1D /* RoomView.swift */; };
		3A27051928B7825100BBDA1D /* CurrentRoomListDTO.swift in Sources */ = {isa = PBXBuildFile; fileRef = 3A27051828B7825100BBDA1D /* CurrentRoomListDTO.swift */; };
		3A27051B28B7920500BBDA1D /* HomeViewController.swift in Sources */ = {isa = PBXBuildFile; fileRef = 3A27051A28B7920500BBDA1D /* HomeViewController.swift */; };
		3A27051F28B7976800BBDA1D /* HomeTopCell.swift in Sources */ = {isa = PBXBuildFile; fileRef = 3A27051D28B7976800BBDA1D /* HomeTopCell.swift */; };
		3A27052028B7976800BBDA1D /* HomeTopCell.xib in Resources */ = {isa = PBXBuildFile; fileRef = 3A27051E28B7976800BBDA1D /* HomeTopCell.xib */; };
		3A27052328B7978800BBDA1D /* CurrentJoinRoomCell.swift in Sources */ = {isa = PBXBuildFile; fileRef = 3A27052128B7978800BBDA1D /* CurrentJoinRoomCell.swift */; };
		3A27052428B7978800BBDA1D /* CurrentJoinRoomCell.xib in Resources */ = {isa = PBXBuildFile; fileRef = 3A27052228B7978800BBDA1D /* CurrentJoinRoomCell.xib */; };
		3A27052728B7979A00BBDA1D /* CurrentRoomListCell.swift in Sources */ = {isa = PBXBuildFile; fileRef = 3A27052528B7979A00BBDA1D /* CurrentRoomListCell.swift */; };
		3A27052828B7979A00BBDA1D /* CurrentRoomListCell.xib in Resources */ = {isa = PBXBuildFile; fileRef = 3A27052628B7979A00BBDA1D /* CurrentRoomListCell.xib */; };
		3A27052B28B7986100BBDA1D /* RoomHeader.swift in Sources */ = {isa = PBXBuildFile; fileRef = 3A27052928B7986100BBDA1D /* RoomHeader.swift */; };
		3A27052C28B7986100BBDA1D /* RoomHeader.xib in Resources */ = {isa = PBXBuildFile; fileRef = 3A27052A28B7986100BBDA1D /* RoomHeader.xib */; };
		416E8FEC28B6370500BBA05E /* Interceptor.swift in Sources */ = {isa = PBXBuildFile; fileRef = 416E8FEB28B6370500BBA05E /* Interceptor.swift */; };
		5460829649D08B2590F3491A /* Pods_MoyeoRun.framework in Frameworks */ = {isa = PBXBuildFile; fileRef = 4CCBF5585C20B63EE1C8123D /* Pods_MoyeoRun.framework */; };
		F74D1F9E2831620A0099B5F0 /* Configuation.swift in Sources */ = {isa = PBXBuildFile; fileRef = F74D1F9B2831620A0099B5F0 /* Configuation.swift */; };
		F74D1FC1283163030099B5F0 /* SignInDTO.swift in Sources */ = {isa = PBXBuildFile; fileRef = F74D1FA6283163030099B5F0 /* SignInDTO.swift */; };
		F74D1FC2283163030099B5F0 /* RefreshDTO.swift in Sources */ = {isa = PBXBuildFile; fileRef = F74D1FA7283163030099B5F0 /* RefreshDTO.swift */; };
		F74D1FC3283163030099B5F0 /* LogoutDTO.swift in Sources */ = {isa = PBXBuildFile; fileRef = F74D1FA8283163030099B5F0 /* LogoutDTO.swift */; };
		F74D1FC4283163030099B5F0 /* SignUpDTO.swift in Sources */ = {isa = PBXBuildFile; fileRef = F74D1FA9283163030099B5F0 /* SignUpDTO.swift */; };
		F74D1FC5283163030099B5F0 /* AuthDTO.swift in Sources */ = {isa = PBXBuildFile; fileRef = F74D1FAA283163030099B5F0 /* AuthDTO.swift */; };
		F74D1FC6283163030099B5F0 /* AuthRemoteDataSource.swift in Sources */ = {isa = PBXBuildFile; fileRef = F74D1FAC283163030099B5F0 /* AuthRemoteDataSource.swift */; };
		F74D1FC7283163030099B5F0 /* AuthLocalDataSource.swift in Sources */ = {isa = PBXBuildFile; fileRef = F74D1FAD283163030099B5F0 /* AuthLocalDataSource.swift */; };
		F74D1FC8283163030099B5F0 /* AuthRepository.swift in Sources */ = {isa = PBXBuildFile; fileRef = F74D1FAF283163030099B5F0 /* AuthRepository.swift */; };
		F74D1FC9283163030099B5F0 /* DuplicateDTO.swift in Sources */ = {isa = PBXBuildFile; fileRef = F74D1FB2283163030099B5F0 /* DuplicateDTO.swift */; };
		F74D1FCA283163030099B5F0 /* UserDTO.swift in Sources */ = {isa = PBXBuildFile; fileRef = F74D1FB3283163030099B5F0 /* UserDTO.swift */; };
		F74D1FCB283163030099B5F0 /* UserRemoteDataSource.swift in Sources */ = {isa = PBXBuildFile; fileRef = F74D1FB5283163030099B5F0 /* UserRemoteDataSource.swift */; };
		F74D1FCC283163030099B5F0 /* UserRepository.swift in Sources */ = {isa = PBXBuildFile; fileRef = F74D1FB7283163030099B5F0 /* UserRepository.swift */; };
		F74D1FCD283163030099B5F0 /* Response.swift in Sources */ = {isa = PBXBuildFile; fileRef = F74D1FBA283163030099B5F0 /* Response.swift */; };
		F74D1FCE283163030099B5F0 /* MoyaProvider+.swift in Sources */ = {isa = PBXBuildFile; fileRef = F74D1FBB283163030099B5F0 /* MoyaProvider+.swift */; };
		F74D1FCF283163030099B5F0 /* TargetType+.swift in Sources */ = {isa = PBXBuildFile; fileRef = F74D1FBC283163030099B5F0 /* TargetType+.swift */; };
		F74D1FD0283163030099B5F0 /* KeychainKeyType.swift in Sources */ = {isa = PBXBuildFile; fileRef = F74D1FBE283163030099B5F0 /* KeychainKeyType.swift */; };
		F74D1FD1283163030099B5F0 /* Keychain.swift in Sources */ = {isa = PBXBuildFile; fileRef = F74D1FBF283163030099B5F0 /* Keychain.swift */; };
		F74D1FD2283163030099B5F0 /* KeychainStore.swift in Sources */ = {isa = PBXBuildFile; fileRef = F74D1FC0283163030099B5F0 /* KeychainStore.swift */; };
		F74D20162831630C0099B5F0 /* MoyeoRunRoom.storyboard in Resources */ = {isa = PBXBuildFile; fileRef = F74D1FD72831630C0099B5F0 /* MoyeoRunRoom.storyboard */; };
		F74D201E2831630C0099B5F0 /* HomeTab.storyboard in Resources */ = {isa = PBXBuildFile; fileRef = F74D1FE52831630C0099B5F0 /* HomeTab.storyboard */; };
		F74D201F2831630C0099B5F0 /* MakeRoomController.swift in Sources */ = {isa = PBXBuildFile; fileRef = F74D1FE72831630C0099B5F0 /* MakeRoomController.swift */; };
		F74D20202831630C0099B5F0 /* SelectPhotoController.swift in Sources */ = {isa = PBXBuildFile; fileRef = F74D1FE92831630C0099B5F0 /* SelectPhotoController.swift */; };
		F74D20212831630C0099B5F0 /* PhotoCell.swift in Sources */ = {isa = PBXBuildFile; fileRef = F74D1FEA2831630C0099B5F0 /* PhotoCell.swift */; };
		F74D20222831630C0099B5F0 /* PopupViewController.swift in Sources */ = {isa = PBXBuildFile; fileRef = F74D1FEB2831630C0099B5F0 /* PopupViewController.swift */; };
		F74D20232831630C0099B5F0 /* SelectPhoto.storyboard in Resources */ = {isa = PBXBuildFile; fileRef = F74D1FED2831630C0099B5F0 /* SelectPhoto.storyboard */; };
		F74D20242831630C0099B5F0 /* MakeRoom.storyboard in Resources */ = {isa = PBXBuildFile; fileRef = F74D1FEE2831630C0099B5F0 /* MakeRoom.storyboard */; };
		F74D20252831630C0099B5F0 /* Extensions.swift in Sources */ = {isa = PBXBuildFile; fileRef = F74D1FF12831630C0099B5F0 /* Extensions.swift */; };
		F74D20262831630C0099B5F0 /* TabBarViewController.swift in Sources */ = {isa = PBXBuildFile; fileRef = F74D1FF22831630C0099B5F0 /* TabBarViewController.swift */; };
		F74D20272831630C0099B5F0 /* TabBar.storyboard in Resources */ = {isa = PBXBuildFile; fileRef = F74D1FF52831630C0099B5F0 /* TabBar.storyboard */; };
		F74D20282831630C0099B5F0 /* MyPageViewController.swift in Sources */ = {isa = PBXBuildFile; fileRef = F74D1FF82831630C0099B5F0 /* MyPageViewController.swift */; };
		F74D20292831630C0099B5F0 /* MyPage.storyboard in Resources */ = {isa = PBXBuildFile; fileRef = F74D1FFB2831630C0099B5F0 /* MyPage.storyboard */; };
		F74D202A2831630C0099B5F0 /* SearchTabViewController.swift in Sources */ = {isa = PBXBuildFile; fileRef = F74D1FFE2831630C0099B5F0 /* SearchTabViewController.swift */; };
		F74D202B2831630C0099B5F0 /* RunningContentCell.swift in Sources */ = {isa = PBXBuildFile; fileRef = F74D20012831630C0099B5F0 /* RunningContentCell.swift */; };
		F74D202C2831630C0099B5F0 /* SearchTab.storyboard in Resources */ = {isa = PBXBuildFile; fileRef = F74D20032831630C0099B5F0 /* SearchTab.storyboard */; };
		F74D202E2831630C0099B5F0 /* SocialLogInViewController.swift in Sources */ = {isa = PBXBuildFile; fileRef = F74D200A2831630C0099B5F0 /* SocialLogInViewController.swift */; };
		F74D202F2831630C0099B5F0 /* AppIntroViewController.swift in Sources */ = {isa = PBXBuildFile; fileRef = F74D200B2831630C0099B5F0 /* AppIntroViewController.swift */; };
		F74D20302831630C0099B5F0 /* SignUpCompleteViewController.swift in Sources */ = {isa = PBXBuildFile; fileRef = F74D200C2831630C0099B5F0 /* SignUpCompleteViewController.swift */; };
		F74D20312831630C0099B5F0 /* ProfileImageMenuViewController.swift in Sources */ = {isa = PBXBuildFile; fileRef = F74D200D2831630C0099B5F0 /* ProfileImageMenuViewController.swift */; };
		F74D20322831630C0099B5F0 /* InsertUserInfoViewController.swift in Sources */ = {isa = PBXBuildFile; fileRef = F74D200E2831630C0099B5F0 /* InsertUserInfoViewController.swift */; };
		F74D20332831630C0099B5F0 /* SocialLogIn.storyboard in Resources */ = {isa = PBXBuildFile; fileRef = F74D20112831630C0099B5F0 /* SocialLogIn.storyboard */; };
		F74D20342831630C0099B5F0 /* ProfileImageMenu.storyboard in Resources */ = {isa = PBXBuildFile; fileRef = F74D20122831630C0099B5F0 /* ProfileImageMenu.storyboard */; };
		F74D20352831630C0099B5F0 /* SignUpComplete.storyboard in Resources */ = {isa = PBXBuildFile; fileRef = F74D20132831630C0099B5F0 /* SignUpComplete.storyboard */; };
		F74D20362831630C0099B5F0 /* InsertUserInfo.storyboard in Resources */ = {isa = PBXBuildFile; fileRef = F74D20142831630C0099B5F0 /* InsertUserInfo.storyboard */; };
		F74D20372831630C0099B5F0 /* AppIntro.storyboard in Resources */ = {isa = PBXBuildFile; fileRef = F74D20152831630C0099B5F0 /* AppIntro.storyboard */; };
		F74D205D283163160099B5F0 /* HomeTabNewMission3.png in Resources */ = {isa = PBXBuildFile; fileRef = F74D203D283163160099B5F0 /* HomeTabNewMission3.png */; };
		F74D205E283163160099B5F0 /* HomeTabNewMission2.png in Resources */ = {isa = PBXBuildFile; fileRef = F74D203E283163160099B5F0 /* HomeTabNewMission2.png */; };
		F74D205F283163160099B5F0 /* HomeTabNowPopular2.png in Resources */ = {isa = PBXBuildFile; fileRef = F74D203F283163160099B5F0 /* HomeTabNowPopular2.png */; };
		F74D2060283163160099B5F0 /* HomeTabNowPopular0.png in Resources */ = {isa = PBXBuildFile; fileRef = F74D2040283163160099B5F0 /* HomeTabNowPopular0.png */; };
		F74D2061283163160099B5F0 /* HomeTabNewMission0.png in Resources */ = {isa = PBXBuildFile; fileRef = F74D2041283163160099B5F0 /* HomeTabNewMission0.png */; };
		F74D2062283163160099B5F0 /* HomeTabNewMission1.png in Resources */ = {isa = PBXBuildFile; fileRef = F74D2042283163160099B5F0 /* HomeTabNewMission1.png */; };
		F74D2063283163160099B5F0 /* HomeTabNowPopular1.png in Resources */ = {isa = PBXBuildFile; fileRef = F74D2043283163160099B5F0 /* HomeTabNowPopular1.png */; };
		F74D2064283163160099B5F0 /* HomeTabLastRecord0.png in Resources */ = {isa = PBXBuildFile; fileRef = F74D2044283163160099B5F0 /* HomeTabLastRecord0.png */; };
		F74D2065283163160099B5F0 /* HomeTabLastRecord1.png in Resources */ = {isa = PBXBuildFile; fileRef = F74D2045283163160099B5F0 /* HomeTabLastRecord1.png */; };
		F74D2066283163160099B5F0 /* 모여런 심볼.png in Resources */ = {isa = PBXBuildFile; fileRef = F74D2046283163160099B5F0 /* 모여런 심볼.png */; };
		F74D2067283163160099B5F0 /* 참가자.png in Resources */ = {isa = PBXBuildFile; fileRef = F74D2047283163160099B5F0 /* 참가자.png */; };
		F74D2068283163160099B5F0 /* 프로필 이미지.png in Resources */ = {isa = PBXBuildFile; fileRef = F74D2048283163160099B5F0 /* 프로필 이미지.png */; };
		F74D2069283163160099B5F0 /* 벚꽃.jpeg in Resources */ = {isa = PBXBuildFile; fileRef = F74D2049283163160099B5F0 /* 벚꽃.jpeg */; };
		F74D206A283163160099B5F0 /* MapKitView.xib in Resources */ = {isa = PBXBuildFile; fileRef = F74D204C283163160099B5F0 /* MapKitView.xib */; };
		F74D206B283163160099B5F0 /* MapKitView.swift in Sources */ = {isa = PBXBuildFile; fileRef = F74D204D283163160099B5F0 /* MapKitView.swift */; };
		F74D206C283163160099B5F0 /* Roboto-Medium.ttf in Resources */ = {isa = PBXBuildFile; fileRef = F74D2050283163160099B5F0 /* Roboto-Medium.ttf */; };
		F74D206D283163160099B5F0 /* Roboto-Light.ttf in Resources */ = {isa = PBXBuildFile; fileRef = F74D2051283163160099B5F0 /* Roboto-Light.ttf */; };
		F74D206E283163160099B5F0 /* Roboto-Regular.ttf in Resources */ = {isa = PBXBuildFile; fileRef = F74D2052283163160099B5F0 /* Roboto-Regular.ttf */; };
		F74D206F283163160099B5F0 /* Roboto-MediumItalic.ttf in Resources */ = {isa = PBXBuildFile; fileRef = F74D2053283163160099B5F0 /* Roboto-MediumItalic.ttf */; };
		F74D2070283163160099B5F0 /* Roboto-ThinItalic.ttf in Resources */ = {isa = PBXBuildFile; fileRef = F74D2054283163160099B5F0 /* Roboto-ThinItalic.ttf */; };
		F74D2071283163160099B5F0 /* Roboto-BoldItalic.ttf in Resources */ = {isa = PBXBuildFile; fileRef = F74D2055283163160099B5F0 /* Roboto-BoldItalic.ttf */; };
		F74D2072283163160099B5F0 /* Roboto-LightItalic.ttf in Resources */ = {isa = PBXBuildFile; fileRef = F74D2056283163160099B5F0 /* Roboto-LightItalic.ttf */; };
		F74D2073283163160099B5F0 /* Roboto-Italic.ttf in Resources */ = {isa = PBXBuildFile; fileRef = F74D2057283163160099B5F0 /* Roboto-Italic.ttf */; };
		F74D2074283163160099B5F0 /* LICENSE.txt in Resources */ = {isa = PBXBuildFile; fileRef = F74D2058283163160099B5F0 /* LICENSE.txt */; };
		F74D2075283163160099B5F0 /* Roboto-BlackItalic.ttf in Resources */ = {isa = PBXBuildFile; fileRef = F74D2059283163160099B5F0 /* Roboto-BlackItalic.ttf */; };
		F74D2076283163160099B5F0 /* Roboto-Bold.ttf in Resources */ = {isa = PBXBuildFile; fileRef = F74D205A283163160099B5F0 /* Roboto-Bold.ttf */; };
		F74D2077283163160099B5F0 /* Roboto-Thin.ttf in Resources */ = {isa = PBXBuildFile; fileRef = F74D205B283163160099B5F0 /* Roboto-Thin.ttf */; };
		F74D2078283163160099B5F0 /* Roboto-Black.ttf in Resources */ = {isa = PBXBuildFile; fileRef = F74D205C283163160099B5F0 /* Roboto-Black.ttf */; };
		F75E9F9A27E9470100000DCD /* AppDelegate.swift in Sources */ = {isa = PBXBuildFile; fileRef = F75E9F9927E9470100000DCD /* AppDelegate.swift */; };
		F75E9F9C27E9470100000DCD /* SceneDelegate.swift in Sources */ = {isa = PBXBuildFile; fileRef = F75E9F9B27E9470100000DCD /* SceneDelegate.swift */; };
		F75E9F9E27E9470100000DCD /* ViewController.swift in Sources */ = {isa = PBXBuildFile; fileRef = F75E9F9D27E9470100000DCD /* ViewController.swift */; };
		F75E9FA127E9470100000DCD /* Main.storyboard in Resources */ = {isa = PBXBuildFile; fileRef = F75E9F9F27E9470100000DCD /* Main.storyboard */; };
		F75E9FA427E9470100000DCD /* MoyeoRun.xcdatamodeld in Sources */ = {isa = PBXBuildFile; fileRef = F75E9FA227E9470100000DCD /* MoyeoRun.xcdatamodeld */; };
		F75E9FA627E9470200000DCD /* Assets.xcassets in Resources */ = {isa = PBXBuildFile; fileRef = F75E9FA527E9470200000DCD /* Assets.xcassets */; };
		F75E9FA927E9470200000DCD /* LaunchScreen.storyboard in Resources */ = {isa = PBXBuildFile; fileRef = F75E9FA727E9470200000DCD /* LaunchScreen.storyboard */; };
/* End PBXBuildFile section */

/* Begin PBXFileReference section */
		0A54156E28629D540050AF60 /* RecordDetail.storyboard */ = {isa = PBXFileReference; lastKnownFileType = file.storyboard; path = RecordDetail.storyboard; sourceTree = "<group>"; };
		0A54157028629D780050AF60 /* RecordDetailViewController.swift */ = {isa = PBXFileReference; lastKnownFileType = sourcecode.swift; path = RecordDetailViewController.swift; sourceTree = "<group>"; };
		0A5FFF3C283BBDDD004D86E0 /* RunningRecordCell.swift */ = {isa = PBXFileReference; lastKnownFileType = sourcecode.swift; path = RunningRecordCell.swift; sourceTree = "<group>"; };
		0A67F3472835F9AF00AACCB8 /* SearchTabExtension.swift */ = {isa = PBXFileReference; lastKnownFileType = sourcecode.swift; path = SearchTabExtension.swift; sourceTree = "<group>"; };
		0A75B2B32837363C00544AB5 /* RecordTab.storyboard */ = {isa = PBXFileReference; lastKnownFileType = file.storyboard; path = RecordTab.storyboard; sourceTree = "<group>"; };
		0A75B2B52837364800544AB5 /* RecordTabViewController.swift */ = {isa = PBXFileReference; lastKnownFileType = sourcecode.swift; path = RecordTabViewController.swift; sourceTree = "<group>"; };
		0AA674E428657EB7006A7E72 /* CalendarViewController.swift */ = {isa = PBXFileReference; lastKnownFileType = sourcecode.swift; path = CalendarViewController.swift; sourceTree = "<group>"; };
		0AA674E62866BECD006A7E72 /* RecordTabExtension.swift */ = {isa = PBXFileReference; lastKnownFileType = sourcecode.swift; path = RecordTabExtension.swift; sourceTree = "<group>"; };
		3A0F803028BD0A230071A621 /* StartTimePopUpViewController.swift */ = {isa = PBXFileReference; lastKnownFileType = sourcecode.swift; path = StartTimePopUpViewController.swift; sourceTree = "<group>"; };
		3A27050F28B7761800BBDA1D /* Room.xib */ = {isa = PBXFileReference; lastKnownFileType = file.xib; path = Room.xib; sourceTree = "<group>"; };
		3A27051228B77CD000BBDA1D /* UIView+.swift */ = {isa = PBXFileReference; lastKnownFileType = sourcecode.swift; path = "UIView+.swift"; sourceTree = "<group>"; };
		3A27051428B77E7E00BBDA1D /* RoomView.swift */ = {isa = PBXFileReference; lastKnownFileType = sourcecode.swift; path = RoomView.swift; sourceTree = "<group>"; };
		3A27051828B7825100BBDA1D /* CurrentRoomListDTO.swift */ = {isa = PBXFileReference; lastKnownFileType = sourcecode.swift; path = CurrentRoomListDTO.swift; sourceTree = "<group>"; };
		3A27051A28B7920500BBDA1D /* HomeViewController.swift */ = {isa = PBXFileReference; lastKnownFileType = sourcecode.swift; path = HomeViewController.swift; sourceTree = "<group>"; };
		3A27051D28B7976800BBDA1D /* HomeTopCell.swift */ = {isa = PBXFileReference; lastKnownFileType = sourcecode.swift; path = HomeTopCell.swift; sourceTree = "<group>"; };
		3A27051E28B7976800BBDA1D /* HomeTopCell.xib */ = {isa = PBXFileReference; lastKnownFileType = file.xib; path = HomeTopCell.xib; sourceTree = "<group>"; };
		3A27052128B7978800BBDA1D /* CurrentJoinRoomCell.swift */ = {isa = PBXFileReference; lastKnownFileType = sourcecode.swift; path = CurrentJoinRoomCell.swift; sourceTree = "<group>"; };
		3A27052228B7978800BBDA1D /* CurrentJoinRoomCell.xib */ = {isa = PBXFileReference; lastKnownFileType = file.xib; path = CurrentJoinRoomCell.xib; sourceTree = "<group>"; };
		3A27052528B7979A00BBDA1D /* CurrentRoomListCell.swift */ = {isa = PBXFileReference; lastKnownFileType = sourcecode.swift; path = CurrentRoomListCell.swift; sourceTree = "<group>"; };
		3A27052628B7979A00BBDA1D /* CurrentRoomListCell.xib */ = {isa = PBXFileReference; lastKnownFileType = file.xib; path = CurrentRoomListCell.xib; sourceTree = "<group>"; };
		3A27052928B7986100BBDA1D /* RoomHeader.swift */ = {isa = PBXFileReference; lastKnownFileType = sourcecode.swift; path = RoomHeader.swift; sourceTree = "<group>"; };
		3A27052A28B7986100BBDA1D /* RoomHeader.xib */ = {isa = PBXFileReference; lastKnownFileType = file.xib; path = RoomHeader.xib; sourceTree = "<group>"; };
		416E8FEB28B6370500BBA05E /* Interceptor.swift */ = {isa = PBXFileReference; lastKnownFileType = sourcecode.swift; path = Interceptor.swift; sourceTree = "<group>"; };
		416E8FED28B6391900BBA05E /* Debug.xcconfig */ = {isa = PBXFileReference; lastKnownFileType = text.xcconfig; name = Debug.xcconfig; path = Configuration/Debug.xcconfig; sourceTree = SOURCE_ROOT; };
		416E8FEE28B6391900BBA05E /* Release.xcconfig */ = {isa = PBXFileReference; lastKnownFileType = text.xcconfig; name = Release.xcconfig; path = Configuration/Release.xcconfig; sourceTree = SOURCE_ROOT; };
		4CCBF5585C20B63EE1C8123D /* Pods_MoyeoRun.framework */ = {isa = PBXFileReference; explicitFileType = wrapper.framework; includeInIndex = 0; path = Pods_MoyeoRun.framework; sourceTree = BUILT_PRODUCTS_DIR; };
		538E40A5DF919EBE4881FE83 /* Pods-MoyeoRun.debug.xcconfig */ = {isa = PBXFileReference; includeInIndex = 1; lastKnownFileType = text.xcconfig; name = "Pods-MoyeoRun.debug.xcconfig"; path = "Target Support Files/Pods-MoyeoRun/Pods-MoyeoRun.debug.xcconfig"; sourceTree = "<group>"; };
		ACF6235AE0ADD0047158FA4F /* Pods-MoyeoRun.release.xcconfig */ = {isa = PBXFileReference; includeInIndex = 1; lastKnownFileType = text.xcconfig; name = "Pods-MoyeoRun.release.xcconfig"; path = "Target Support Files/Pods-MoyeoRun/Pods-MoyeoRun.release.xcconfig"; sourceTree = "<group>"; };
		F74D1F9B2831620A0099B5F0 /* Configuation.swift */ = {isa = PBXFileReference; fileEncoding = 4; lastKnownFileType = sourcecode.swift; path = Configuation.swift; sourceTree = "<group>"; };
		F74D1FA6283163030099B5F0 /* SignInDTO.swift */ = {isa = PBXFileReference; fileEncoding = 4; lastKnownFileType = sourcecode.swift; path = SignInDTO.swift; sourceTree = "<group>"; };
		F74D1FA7283163030099B5F0 /* RefreshDTO.swift */ = {isa = PBXFileReference; fileEncoding = 4; lastKnownFileType = sourcecode.swift; path = RefreshDTO.swift; sourceTree = "<group>"; };
		F74D1FA8283163030099B5F0 /* LogoutDTO.swift */ = {isa = PBXFileReference; fileEncoding = 4; lastKnownFileType = sourcecode.swift; path = LogoutDTO.swift; sourceTree = "<group>"; };
		F74D1FA9283163030099B5F0 /* SignUpDTO.swift */ = {isa = PBXFileReference; fileEncoding = 4; lastKnownFileType = sourcecode.swift; path = SignUpDTO.swift; sourceTree = "<group>"; };
		F74D1FAA283163030099B5F0 /* AuthDTO.swift */ = {isa = PBXFileReference; fileEncoding = 4; lastKnownFileType = sourcecode.swift; path = AuthDTO.swift; sourceTree = "<group>"; };
		F74D1FAC283163030099B5F0 /* AuthRemoteDataSource.swift */ = {isa = PBXFileReference; fileEncoding = 4; lastKnownFileType = sourcecode.swift; path = AuthRemoteDataSource.swift; sourceTree = "<group>"; };
		F74D1FAD283163030099B5F0 /* AuthLocalDataSource.swift */ = {isa = PBXFileReference; fileEncoding = 4; lastKnownFileType = sourcecode.swift; path = AuthLocalDataSource.swift; sourceTree = "<group>"; };
		F74D1FAF283163030099B5F0 /* AuthRepository.swift */ = {isa = PBXFileReference; fileEncoding = 4; lastKnownFileType = sourcecode.swift; path = AuthRepository.swift; sourceTree = "<group>"; };
		F74D1FB2283163030099B5F0 /* DuplicateDTO.swift */ = {isa = PBXFileReference; fileEncoding = 4; lastKnownFileType = sourcecode.swift; path = DuplicateDTO.swift; sourceTree = "<group>"; };
		F74D1FB3283163030099B5F0 /* UserDTO.swift */ = {isa = PBXFileReference; fileEncoding = 4; lastKnownFileType = sourcecode.swift; path = UserDTO.swift; sourceTree = "<group>"; };
		F74D1FB5283163030099B5F0 /* UserRemoteDataSource.swift */ = {isa = PBXFileReference; fileEncoding = 4; lastKnownFileType = sourcecode.swift; path = UserRemoteDataSource.swift; sourceTree = "<group>"; };
		F74D1FB7283163030099B5F0 /* UserRepository.swift */ = {isa = PBXFileReference; fileEncoding = 4; lastKnownFileType = sourcecode.swift; path = UserRepository.swift; sourceTree = "<group>"; };
		F74D1FBA283163030099B5F0 /* Response.swift */ = {isa = PBXFileReference; fileEncoding = 4; lastKnownFileType = sourcecode.swift; path = Response.swift; sourceTree = "<group>"; };
		F74D1FBB283163030099B5F0 /* MoyaProvider+.swift */ = {isa = PBXFileReference; fileEncoding = 4; lastKnownFileType = sourcecode.swift; path = "MoyaProvider+.swift"; sourceTree = "<group>"; };
		F74D1FBC283163030099B5F0 /* TargetType+.swift */ = {isa = PBXFileReference; fileEncoding = 4; lastKnownFileType = sourcecode.swift; path = "TargetType+.swift"; sourceTree = "<group>"; };
		F74D1FBE283163030099B5F0 /* KeychainKeyType.swift */ = {isa = PBXFileReference; fileEncoding = 4; lastKnownFileType = sourcecode.swift; path = KeychainKeyType.swift; sourceTree = "<group>"; };
		F74D1FBF283163030099B5F0 /* Keychain.swift */ = {isa = PBXFileReference; fileEncoding = 4; lastKnownFileType = sourcecode.swift; path = Keychain.swift; sourceTree = "<group>"; };
		F74D1FC0283163030099B5F0 /* KeychainStore.swift */ = {isa = PBXFileReference; fileEncoding = 4; lastKnownFileType = sourcecode.swift; path = KeychainStore.swift; sourceTree = "<group>"; };
		F74D1FD72831630C0099B5F0 /* MoyeoRunRoom.storyboard */ = {isa = PBXFileReference; fileEncoding = 4; lastKnownFileType = file.storyboard; path = MoyeoRunRoom.storyboard; sourceTree = "<group>"; };
		F74D1FE52831630C0099B5F0 /* HomeTab.storyboard */ = {isa = PBXFileReference; fileEncoding = 4; lastKnownFileType = file.storyboard; path = HomeTab.storyboard; sourceTree = "<group>"; };
		F74D1FE72831630C0099B5F0 /* MakeRoomController.swift */ = {isa = PBXFileReference; fileEncoding = 4; lastKnownFileType = sourcecode.swift; path = MakeRoomController.swift; sourceTree = "<group>"; };
		F74D1FE92831630C0099B5F0 /* SelectPhotoController.swift */ = {isa = PBXFileReference; fileEncoding = 4; lastKnownFileType = sourcecode.swift; path = SelectPhotoController.swift; sourceTree = "<group>"; };
		F74D1FEA2831630C0099B5F0 /* PhotoCell.swift */ = {isa = PBXFileReference; fileEncoding = 4; lastKnownFileType = sourcecode.swift; path = PhotoCell.swift; sourceTree = "<group>"; };
		F74D1FEB2831630C0099B5F0 /* PopupViewController.swift */ = {isa = PBXFileReference; fileEncoding = 4; lastKnownFileType = sourcecode.swift; path = PopupViewController.swift; sourceTree = "<group>"; };
		F74D1FED2831630C0099B5F0 /* SelectPhoto.storyboard */ = {isa = PBXFileReference; fileEncoding = 4; lastKnownFileType = file.storyboard; path = SelectPhoto.storyboard; sourceTree = "<group>"; };
		F74D1FEE2831630C0099B5F0 /* MakeRoom.storyboard */ = {isa = PBXFileReference; fileEncoding = 4; lastKnownFileType = file.storyboard; path = MakeRoom.storyboard; sourceTree = "<group>"; };
		F74D1FF12831630C0099B5F0 /* Extensions.swift */ = {isa = PBXFileReference; fileEncoding = 4; lastKnownFileType = sourcecode.swift; path = Extensions.swift; sourceTree = "<group>"; };
		F74D1FF22831630C0099B5F0 /* TabBarViewController.swift */ = {isa = PBXFileReference; fileEncoding = 4; lastKnownFileType = sourcecode.swift; path = TabBarViewController.swift; sourceTree = "<group>"; };
		F74D1FF52831630C0099B5F0 /* TabBar.storyboard */ = {isa = PBXFileReference; fileEncoding = 4; lastKnownFileType = file.storyboard; path = TabBar.storyboard; sourceTree = "<group>"; };
		F74D1FF82831630C0099B5F0 /* MyPageViewController.swift */ = {isa = PBXFileReference; fileEncoding = 4; lastKnownFileType = sourcecode.swift; path = MyPageViewController.swift; sourceTree = "<group>"; };
		F74D1FFB2831630C0099B5F0 /* MyPage.storyboard */ = {isa = PBXFileReference; fileEncoding = 4; lastKnownFileType = file.storyboard; path = MyPage.storyboard; sourceTree = "<group>"; };
		F74D1FFE2831630C0099B5F0 /* SearchTabViewController.swift */ = {isa = PBXFileReference; fileEncoding = 4; lastKnownFileType = sourcecode.swift; path = SearchTabViewController.swift; sourceTree = "<group>"; };
		F74D20012831630C0099B5F0 /* RunningContentCell.swift */ = {isa = PBXFileReference; fileEncoding = 4; lastKnownFileType = sourcecode.swift; path = RunningContentCell.swift; sourceTree = "<group>"; };
		F74D20032831630C0099B5F0 /* SearchTab.storyboard */ = {isa = PBXFileReference; fileEncoding = 4; lastKnownFileType = file.storyboard; path = SearchTab.storyboard; sourceTree = "<group>"; };
		F74D200A2831630C0099B5F0 /* SocialLogInViewController.swift */ = {isa = PBXFileReference; fileEncoding = 4; lastKnownFileType = sourcecode.swift; path = SocialLogInViewController.swift; sourceTree = "<group>"; };
		F74D200B2831630C0099B5F0 /* AppIntroViewController.swift */ = {isa = PBXFileReference; fileEncoding = 4; lastKnownFileType = sourcecode.swift; path = AppIntroViewController.swift; sourceTree = "<group>"; };
		F74D200C2831630C0099B5F0 /* SignUpCompleteViewController.swift */ = {isa = PBXFileReference; fileEncoding = 4; lastKnownFileType = sourcecode.swift; path = SignUpCompleteViewController.swift; sourceTree = "<group>"; };
		F74D200D2831630C0099B5F0 /* ProfileImageMenuViewController.swift */ = {isa = PBXFileReference; fileEncoding = 4; lastKnownFileType = sourcecode.swift; path = ProfileImageMenuViewController.swift; sourceTree = "<group>"; };
		F74D200E2831630C0099B5F0 /* InsertUserInfoViewController.swift */ = {isa = PBXFileReference; fileEncoding = 4; lastKnownFileType = sourcecode.swift; path = InsertUserInfoViewController.swift; sourceTree = "<group>"; };
		F74D20112831630C0099B5F0 /* SocialLogIn.storyboard */ = {isa = PBXFileReference; fileEncoding = 4; lastKnownFileType = file.storyboard; path = SocialLogIn.storyboard; sourceTree = "<group>"; };
		F74D20122831630C0099B5F0 /* ProfileImageMenu.storyboard */ = {isa = PBXFileReference; fileEncoding = 4; lastKnownFileType = file.storyboard; path = ProfileImageMenu.storyboard; sourceTree = "<group>"; };
		F74D20132831630C0099B5F0 /* SignUpComplete.storyboard */ = {isa = PBXFileReference; fileEncoding = 4; lastKnownFileType = file.storyboard; path = SignUpComplete.storyboard; sourceTree = "<group>"; };
		F74D20142831630C0099B5F0 /* InsertUserInfo.storyboard */ = {isa = PBXFileReference; fileEncoding = 4; lastKnownFileType = file.storyboard; path = InsertUserInfo.storyboard; sourceTree = "<group>"; };
		F74D20152831630C0099B5F0 /* AppIntro.storyboard */ = {isa = PBXFileReference; fileEncoding = 4; lastKnownFileType = file.storyboard; path = AppIntro.storyboard; sourceTree = "<group>"; };
		F74D203D283163160099B5F0 /* HomeTabNewMission3.png */ = {isa = PBXFileReference; lastKnownFileType = image.png; path = HomeTabNewMission3.png; sourceTree = "<group>"; };
		F74D203E283163160099B5F0 /* HomeTabNewMission2.png */ = {isa = PBXFileReference; lastKnownFileType = image.png; path = HomeTabNewMission2.png; sourceTree = "<group>"; };
		F74D203F283163160099B5F0 /* HomeTabNowPopular2.png */ = {isa = PBXFileReference; lastKnownFileType = image.png; path = HomeTabNowPopular2.png; sourceTree = "<group>"; };
		F74D2040283163160099B5F0 /* HomeTabNowPopular0.png */ = {isa = PBXFileReference; lastKnownFileType = image.png; path = HomeTabNowPopular0.png; sourceTree = "<group>"; };
		F74D2041283163160099B5F0 /* HomeTabNewMission0.png */ = {isa = PBXFileReference; lastKnownFileType = image.png; path = HomeTabNewMission0.png; sourceTree = "<group>"; };
		F74D2042283163160099B5F0 /* HomeTabNewMission1.png */ = {isa = PBXFileReference; lastKnownFileType = image.png; path = HomeTabNewMission1.png; sourceTree = "<group>"; };
		F74D2043283163160099B5F0 /* HomeTabNowPopular1.png */ = {isa = PBXFileReference; lastKnownFileType = image.png; path = HomeTabNowPopular1.png; sourceTree = "<group>"; };
		F74D2044283163160099B5F0 /* HomeTabLastRecord0.png */ = {isa = PBXFileReference; lastKnownFileType = image.png; path = HomeTabLastRecord0.png; sourceTree = "<group>"; };
		F74D2045283163160099B5F0 /* HomeTabLastRecord1.png */ = {isa = PBXFileReference; lastKnownFileType = image.png; path = HomeTabLastRecord1.png; sourceTree = "<group>"; };
		F74D2046283163160099B5F0 /* 모여런 심볼.png */ = {isa = PBXFileReference; lastKnownFileType = image.png; path = "모여런 심볼.png"; sourceTree = "<group>"; };
		F74D2047283163160099B5F0 /* 참가자.png */ = {isa = PBXFileReference; lastKnownFileType = image.png; path = "참가자.png"; sourceTree = "<group>"; };
		F74D2048283163160099B5F0 /* 프로필 이미지.png */ = {isa = PBXFileReference; lastKnownFileType = image.png; path = "프로필 이미지.png"; sourceTree = "<group>"; };
		F74D2049283163160099B5F0 /* 벚꽃.jpeg */ = {isa = PBXFileReference; lastKnownFileType = image.jpeg; path = "벚꽃.jpeg"; sourceTree = "<group>"; };
		F74D204C283163160099B5F0 /* MapKitView.xib */ = {isa = PBXFileReference; fileEncoding = 4; lastKnownFileType = file.xib; path = MapKitView.xib; sourceTree = "<group>"; };
		F74D204D283163160099B5F0 /* MapKitView.swift */ = {isa = PBXFileReference; fileEncoding = 4; lastKnownFileType = sourcecode.swift; path = MapKitView.swift; sourceTree = "<group>"; };
		F74D2050283163160099B5F0 /* Roboto-Medium.ttf */ = {isa = PBXFileReference; lastKnownFileType = file; path = "Roboto-Medium.ttf"; sourceTree = "<group>"; };
		F74D2051283163160099B5F0 /* Roboto-Light.ttf */ = {isa = PBXFileReference; lastKnownFileType = file; path = "Roboto-Light.ttf"; sourceTree = "<group>"; };
		F74D2052283163160099B5F0 /* Roboto-Regular.ttf */ = {isa = PBXFileReference; lastKnownFileType = file; path = "Roboto-Regular.ttf"; sourceTree = "<group>"; };
		F74D2053283163160099B5F0 /* Roboto-MediumItalic.ttf */ = {isa = PBXFileReference; lastKnownFileType = file; path = "Roboto-MediumItalic.ttf"; sourceTree = "<group>"; };
		F74D2054283163160099B5F0 /* Roboto-ThinItalic.ttf */ = {isa = PBXFileReference; lastKnownFileType = file; path = "Roboto-ThinItalic.ttf"; sourceTree = "<group>"; };
		F74D2055283163160099B5F0 /* Roboto-BoldItalic.ttf */ = {isa = PBXFileReference; lastKnownFileType = file; path = "Roboto-BoldItalic.ttf"; sourceTree = "<group>"; };
		F74D2056283163160099B5F0 /* Roboto-LightItalic.ttf */ = {isa = PBXFileReference; lastKnownFileType = file; path = "Roboto-LightItalic.ttf"; sourceTree = "<group>"; };
		F74D2057283163160099B5F0 /* Roboto-Italic.ttf */ = {isa = PBXFileReference; lastKnownFileType = file; path = "Roboto-Italic.ttf"; sourceTree = "<group>"; };
		F74D2058283163160099B5F0 /* LICENSE.txt */ = {isa = PBXFileReference; fileEncoding = 4; lastKnownFileType = text; path = LICENSE.txt; sourceTree = "<group>"; };
		F74D2059283163160099B5F0 /* Roboto-BlackItalic.ttf */ = {isa = PBXFileReference; lastKnownFileType = file; path = "Roboto-BlackItalic.ttf"; sourceTree = "<group>"; };
		F74D205A283163160099B5F0 /* Roboto-Bold.ttf */ = {isa = PBXFileReference; lastKnownFileType = file; path = "Roboto-Bold.ttf"; sourceTree = "<group>"; };
		F74D205B283163160099B5F0 /* Roboto-Thin.ttf */ = {isa = PBXFileReference; lastKnownFileType = file; path = "Roboto-Thin.ttf"; sourceTree = "<group>"; };
		F74D205C283163160099B5F0 /* Roboto-Black.ttf */ = {isa = PBXFileReference; lastKnownFileType = file; path = "Roboto-Black.ttf"; sourceTree = "<group>"; };
		F75E9F9627E9470100000DCD /* MoyeoRun.app */ = {isa = PBXFileReference; explicitFileType = wrapper.application; includeInIndex = 0; path = MoyeoRun.app; sourceTree = BUILT_PRODUCTS_DIR; };
		F75E9F9927E9470100000DCD /* AppDelegate.swift */ = {isa = PBXFileReference; lastKnownFileType = sourcecode.swift; path = AppDelegate.swift; sourceTree = "<group>"; };
		F75E9F9B27E9470100000DCD /* SceneDelegate.swift */ = {isa = PBXFileReference; lastKnownFileType = sourcecode.swift; path = SceneDelegate.swift; sourceTree = "<group>"; };
		F75E9F9D27E9470100000DCD /* ViewController.swift */ = {isa = PBXFileReference; lastKnownFileType = sourcecode.swift; path = ViewController.swift; sourceTree = "<group>"; };
		F75E9FA027E9470100000DCD /* Base */ = {isa = PBXFileReference; lastKnownFileType = file.storyboard; name = Base; path = Base.lproj/Main.storyboard; sourceTree = "<group>"; };
		F75E9FA327E9470100000DCD /* MoyeoRun.xcdatamodel */ = {isa = PBXFileReference; lastKnownFileType = wrapper.xcdatamodel; path = MoyeoRun.xcdatamodel; sourceTree = "<group>"; };
		F75E9FA527E9470200000DCD /* Assets.xcassets */ = {isa = PBXFileReference; lastKnownFileType = folder.assetcatalog; path = Assets.xcassets; sourceTree = "<group>"; };
		F75E9FA827E9470200000DCD /* Base */ = {isa = PBXFileReference; lastKnownFileType = file.storyboard; name = Base; path = Base.lproj/LaunchScreen.storyboard; sourceTree = "<group>"; };
		F75E9FAA27E9470200000DCD /* Info.plist */ = {isa = PBXFileReference; lastKnownFileType = text.plist.xml; path = Info.plist; sourceTree = "<group>"; };
/* End PBXFileReference section */

/* Begin PBXFrameworksBuildPhase section */
		F75E9F9327E9470100000DCD /* Frameworks */ = {
			isa = PBXFrameworksBuildPhase;
			buildActionMask = 2147483647;
			files = (
				5460829649D08B2590F3491A /* Pods_MoyeoRun.framework in Frameworks */,
			);
			runOnlyForDeploymentPostprocessing = 0;
		};
/* End PBXFrameworksBuildPhase section */

/* Begin PBXGroup section */
		0A5FFF3B283BBDBA004D86E0 /* Cells */ = {
			isa = PBXGroup;
			children = (
				0A5FFF3C283BBDDD004D86E0 /* RunningRecordCell.swift */,
			);
			path = Cells;
			sourceTree = "<group>";
		};
		0A75B2AF283735F300544AB5 /* RecordTab */ = {
			isa = PBXGroup;
			children = (
				0AA674E62866BECD006A7E72 /* RecordTabExtension.swift */,
				0A75B2B12837361E00544AB5 /* Views */,
				0A75B2B02837360D00544AB5 /* ViewControllers */,
			);
			path = RecordTab;
			sourceTree = "<group>";
		};
		0A75B2B02837360D00544AB5 /* ViewControllers */ = {
			isa = PBXGroup;
			children = (
				0A75B2B52837364800544AB5 /* RecordTabViewController.swift */,
				0A54157028629D780050AF60 /* RecordDetailViewController.swift */,
				0AA674E428657EB7006A7E72 /* CalendarViewController.swift */,
			);
			path = ViewControllers;
			sourceTree = "<group>";
		};
		0A75B2B12837361E00544AB5 /* Views */ = {
			isa = PBXGroup;
			children = (
				0A5FFF3B283BBDBA004D86E0 /* Cells */,
				0A75B2B22837362600544AB5 /* InterfaceBuilders */,
			);
			path = Views;
			sourceTree = "<group>";
		};
		0A75B2B22837362600544AB5 /* InterfaceBuilders */ = {
			isa = PBXGroup;
			children = (
				0A75B2B32837363C00544AB5 /* RecordTab.storyboard */,
				0A54156E28629D540050AF60 /* RecordDetail.storyboard */,
			);
			path = InterfaceBuilders;
			sourceTree = "<group>";
		};
		3A19508728BDC28800EB627D /* ViewControllers */ = {
			isa = PBXGroup;
			children = (
				F74D1FE92831630C0099B5F0 /* SelectPhotoController.swift */,
				3A0F803028BD0A230071A621 /* StartTimePopUpViewController.swift */,
				F74D1FEB2831630C0099B5F0 /* PopupViewController.swift */,
				F74D1FE72831630C0099B5F0 /* MakeRoomController.swift */,
			);
			path = ViewControllers;
			sourceTree = "<group>";
		};
		3A19508828BDC2AB00EB627D /* Cells */ = {
			isa = PBXGroup;
			children = (
				F74D1FEA2831630C0099B5F0 /* PhotoCell.swift */,
			);
			path = Cells;
			sourceTree = "<group>";
		};
		3A27051128B77C4C00BBDA1D /* Designable */ = {
			isa = PBXGroup;
			children = (
				3A27051228B77CD000BBDA1D /* UIView+.swift */,
			);
			path = Designable;
			sourceTree = "<group>";
		};
		3A27051628B7823100BBDA1D /* Main */ = {
			isa = PBXGroup;
			children = (
				3A27051728B7823600BBDA1D /* DTO */,
			);
			path = Main;
			sourceTree = "<group>";
		};
		3A27051728B7823600BBDA1D /* DTO */ = {
			isa = PBXGroup;
			children = (
				3A27051828B7825100BBDA1D /* CurrentRoomListDTO.swift */,
			);
			path = DTO;
			sourceTree = "<group>";
		};
		3A27051C28B7975400BBDA1D /* Cells */ = {
			isa = PBXGroup;
			children = (
				3A27051428B77E7E00BBDA1D /* RoomView.swift */,
				3A27051D28B7976800BBDA1D /* HomeTopCell.swift */,
				3A27052128B7978800BBDA1D /* CurrentJoinRoomCell.swift */,
				3A27052528B7979A00BBDA1D /* CurrentRoomListCell.swift */,
				3A27052928B7986100BBDA1D /* RoomHeader.swift */,
			);
			path = Cells;
			sourceTree = "<group>";
		};
		3AADB25527EF543800AFDE01 /* LifeCycles */ = {
			isa = PBXGroup;
			children = (
				F75E9F9927E9470100000DCD /* AppDelegate.swift */,
				F75E9F9B27E9470100000DCD /* SceneDelegate.swift */,
			);
			path = LifeCycles;
			sourceTree = "<group>";
		};
		AA20DD0103093E9F74BF396A /* Pods */ = {
			isa = PBXGroup;
			children = (
				538E40A5DF919EBE4881FE83 /* Pods-MoyeoRun.debug.xcconfig */,
				ACF6235AE0ADD0047158FA4F /* Pods-MoyeoRun.release.xcconfig */,
			);
			path = Pods;
			sourceTree = "<group>";
		};
		DA3B74FF917A76472702F4FF /* Frameworks */ = {
			isa = PBXGroup;
			children = (
				4CCBF5585C20B63EE1C8123D /* Pods_MoyeoRun.framework */,
			);
			name = Frameworks;
			sourceTree = "<group>";
		};
		F74D1F9A2831620A0099B5F0 /* Configuration */ = {
			isa = PBXGroup;
			children = (
				F74D1F9B2831620A0099B5F0 /* Configuation.swift */,
				416E8FED28B6391900BBA05E /* Debug.xcconfig */,
				416E8FEE28B6391900BBA05E /* Release.xcconfig */,
			);
			name = Configuration;
			path = MoyeoRun/Configuration;
			sourceTree = "<group>";
		};
		F74D1FA3283163030099B5F0 /* Data */ = {
			isa = PBXGroup;
			children = (
				3A27051628B7823100BBDA1D /* Main */,
				F74D1FA4283163030099B5F0 /* Auth */,
				F74D1FB0283163030099B5F0 /* User */,
				F74D1FB8283163030099B5F0 /* Base */,
			);
			path = Data;
			sourceTree = "<group>";
		};
		F74D1FA4283163030099B5F0 /* Auth */ = {
			isa = PBXGroup;
			children = (
				F74D1FA5283163030099B5F0 /* DTO */,
				F74D1FAB283163030099B5F0 /* DataSource */,
				F74D1FAE283163030099B5F0 /* Repository */,
			);
			path = Auth;
			sourceTree = "<group>";
		};
		F74D1FA5283163030099B5F0 /* DTO */ = {
			isa = PBXGroup;
			children = (
				F74D1FA6283163030099B5F0 /* SignInDTO.swift */,
				F74D1FA7283163030099B5F0 /* RefreshDTO.swift */,
				F74D1FA8283163030099B5F0 /* LogoutDTO.swift */,
				F74D1FA9283163030099B5F0 /* SignUpDTO.swift */,
				F74D1FAA283163030099B5F0 /* AuthDTO.swift */,
			);
			path = DTO;
			sourceTree = "<group>";
		};
		F74D1FAB283163030099B5F0 /* DataSource */ = {
			isa = PBXGroup;
			children = (
				F74D1FAC283163030099B5F0 /* AuthRemoteDataSource.swift */,
				F74D1FAD283163030099B5F0 /* AuthLocalDataSource.swift */,
			);
			path = DataSource;
			sourceTree = "<group>";
		};
		F74D1FAE283163030099B5F0 /* Repository */ = {
			isa = PBXGroup;
			children = (
				F74D1FAF283163030099B5F0 /* AuthRepository.swift */,
			);
			path = Repository;
			sourceTree = "<group>";
		};
		F74D1FB0283163030099B5F0 /* User */ = {
			isa = PBXGroup;
			children = (
				F74D1FB1283163030099B5F0 /* DTO */,
				F74D1FB4283163030099B5F0 /* DataSource */,
				F74D1FB6283163030099B5F0 /* Repository */,
			);
			path = User;
			sourceTree = "<group>";
		};
		F74D1FB1283163030099B5F0 /* DTO */ = {
			isa = PBXGroup;
			children = (
				F74D1FB2283163030099B5F0 /* DuplicateDTO.swift */,
				F74D1FB3283163030099B5F0 /* UserDTO.swift */,
			);
			path = DTO;
			sourceTree = "<group>";
		};
		F74D1FB4283163030099B5F0 /* DataSource */ = {
			isa = PBXGroup;
			children = (
				F74D1FB5283163030099B5F0 /* UserRemoteDataSource.swift */,
			);
			path = DataSource;
			sourceTree = "<group>";
		};
		F74D1FB6283163030099B5F0 /* Repository */ = {
			isa = PBXGroup;
			children = (
				F74D1FB7283163030099B5F0 /* UserRepository.swift */,
			);
			path = Repository;
			sourceTree = "<group>";
		};
		F74D1FB8283163030099B5F0 /* Base */ = {
			isa = PBXGroup;
			children = (
				F74D1FB9283163030099B5F0 /* Network */,
				F74D1FBD283163030099B5F0 /* Keychain */,
			);
			path = Base;
			sourceTree = "<group>";
		};
		F74D1FB9283163030099B5F0 /* Network */ = {
			isa = PBXGroup;
			children = (
				F74D1FBA283163030099B5F0 /* Response.swift */,
				F74D1FBB283163030099B5F0 /* MoyaProvider+.swift */,
				F74D1FBC283163030099B5F0 /* TargetType+.swift */,
				416E8FEB28B6370500BBA05E /* Interceptor.swift */,
			);
			path = Network;
			sourceTree = "<group>";
		};
		F74D1FBD283163030099B5F0 /* Keychain */ = {
			isa = PBXGroup;
			children = (
				F74D1FBE283163030099B5F0 /* KeychainKeyType.swift */,
				F74D1FBF283163030099B5F0 /* Keychain.swift */,
				F74D1FC0283163030099B5F0 /* KeychainStore.swift */,
			);
			path = Keychain;
			sourceTree = "<group>";
		};
		F74D1FD32831630C0099B5F0 /* Scenes */ = {
			isa = PBXGroup;
			children = (
				F74D20082831630C0099B5F0 /* LogIn */,
				F74D1FEF2831630C0099B5F0 /* TabBar */,
				F74D1FD82831630C0099B5F0 /* HomeTab */,
				F74D1FFC2831630C0099B5F0 /* SearchTab */,
				0A75B2AF283735F300544AB5 /* RecordTab */,
				F74D1FE62831630C0099B5F0 /* MakeRoom */,
				F74D1FD42831630C0099B5F0 /* MoyeorunRoom */,
				F74D1FF62831630C0099B5F0 /* MyPage */,
			);
			path = Scenes;
			sourceTree = "<group>";
		};
		F74D1FD42831630C0099B5F0 /* MoyeorunRoom */ = {
			isa = PBXGroup;
			children = (
				F74D1FD52831630C0099B5F0 /* Views */,
			);
			path = MoyeorunRoom;
			sourceTree = "<group>";
		};
		F74D1FD52831630C0099B5F0 /* Views */ = {
			isa = PBXGroup;
			children = (
				F74D1FD62831630C0099B5F0 /* InterfaceBuilders */,
			);
			path = Views;
			sourceTree = "<group>";
		};
		F74D1FD62831630C0099B5F0 /* InterfaceBuilders */ = {
			isa = PBXGroup;
			children = (
				F74D1FD72831630C0099B5F0 /* MoyeoRunRoom.storyboard */,
			);
			path = InterfaceBuilders;
			sourceTree = "<group>";
		};
		F74D1FD82831630C0099B5F0 /* HomeTab */ = {
			isa = PBXGroup;
			children = (
				F74D1FD92831630C0099B5F0 /* ViewControllers */,
				F74D1FDF2831630C0099B5F0 /* Views */,
			);
			path = HomeTab;
			sourceTree = "<group>";
		};
		F74D1FD92831630C0099B5F0 /* ViewControllers */ = {
			isa = PBXGroup;
			children = (
				3A27051A28B7920500BBDA1D /* HomeViewController.swift */,
			);
			path = ViewControllers;
			sourceTree = "<group>";
		};
		F74D1FDF2831630C0099B5F0 /* Views */ = {
			isa = PBXGroup;
			children = (
				3A27051C28B7975400BBDA1D /* Cells */,
				F74D1FE42831630C0099B5F0 /* InterfaceBuilders */,
			);
			path = Views;
			sourceTree = "<group>";
		};
		F74D1FE42831630C0099B5F0 /* InterfaceBuilders */ = {
			isa = PBXGroup;
			children = (
				F74D1FE52831630C0099B5F0 /* HomeTab.storyboard */,
				3A27050F28B7761800BBDA1D /* Room.xib */,
				3A27051E28B7976800BBDA1D /* HomeTopCell.xib */,
				3A27052228B7978800BBDA1D /* CurrentJoinRoomCell.xib */,
				3A27052628B7979A00BBDA1D /* CurrentRoomListCell.xib */,
				3A27052A28B7986100BBDA1D /* RoomHeader.xib */,
			);
			path = InterfaceBuilders;
			sourceTree = "<group>";
		};
		F74D1FE62831630C0099B5F0 /* MakeRoom */ = {
			isa = PBXGroup;
			children = (
				3A19508728BDC28800EB627D /* ViewControllers */,
				F74D1FE82831630C0099B5F0 /* Views */,
			);
			path = MakeRoom;
			sourceTree = "<group>";
		};
		F74D1FE82831630C0099B5F0 /* Views */ = {
			isa = PBXGroup;
			children = (
				3A19508828BDC2AB00EB627D /* Cells */,
				F74D1FEC2831630C0099B5F0 /* InterfaceBuilders */,
			);
			path = Views;
			sourceTree = "<group>";
		};
		F74D1FEC2831630C0099B5F0 /* InterfaceBuilders */ = {
			isa = PBXGroup;
			children = (
				F74D1FED2831630C0099B5F0 /* SelectPhoto.storyboard */,
				F74D1FEE2831630C0099B5F0 /* MakeRoom.storyboard */,
			);
			path = InterfaceBuilders;
			sourceTree = "<group>";
		};
		F74D1FEF2831630C0099B5F0 /* TabBar */ = {
			isa = PBXGroup;
			children = (
				F74D1FF02831630C0099B5F0 /* ViewControllers */,
				F74D1FF32831630C0099B5F0 /* Views */,
			);
			path = TabBar;
			sourceTree = "<group>";
		};
		F74D1FF02831630C0099B5F0 /* ViewControllers */ = {
			isa = PBXGroup;
			children = (
				F74D1FF12831630C0099B5F0 /* Extensions.swift */,
				F74D1FF22831630C0099B5F0 /* TabBarViewController.swift */,
			);
			path = ViewControllers;
			sourceTree = "<group>";
		};
		F74D1FF32831630C0099B5F0 /* Views */ = {
			isa = PBXGroup;
			children = (
				F74D1FF42831630C0099B5F0 /* InterfaceBuilders */,
			);
			path = Views;
			sourceTree = "<group>";
		};
		F74D1FF42831630C0099B5F0 /* InterfaceBuilders */ = {
			isa = PBXGroup;
			children = (
				F74D1FF52831630C0099B5F0 /* TabBar.storyboard */,
			);
			path = InterfaceBuilders;
			sourceTree = "<group>";
		};
		F74D1FF62831630C0099B5F0 /* MyPage */ = {
			isa = PBXGroup;
			children = (
				F74D1FF72831630C0099B5F0 /* ViewControllers */,
				F74D1FF92831630C0099B5F0 /* Views */,
			);
			path = MyPage;
			sourceTree = "<group>";
		};
		F74D1FF72831630C0099B5F0 /* ViewControllers */ = {
			isa = PBXGroup;
			children = (
				F74D1FF82831630C0099B5F0 /* MyPageViewController.swift */,
			);
			path = ViewControllers;
			sourceTree = "<group>";
		};
		F74D1FF92831630C0099B5F0 /* Views */ = {
			isa = PBXGroup;
			children = (
				F74D1FFA2831630C0099B5F0 /* InterfaceBuilders */,
			);
			path = Views;
			sourceTree = "<group>";
		};
		F74D1FFA2831630C0099B5F0 /* InterfaceBuilders */ = {
			isa = PBXGroup;
			children = (
				F74D1FFB2831630C0099B5F0 /* MyPage.storyboard */,
			);
			path = InterfaceBuilders;
			sourceTree = "<group>";
		};
		F74D1FFC2831630C0099B5F0 /* SearchTab */ = {
			isa = PBXGroup;
			children = (
				F74D1FFD2831630C0099B5F0 /* ViewControllers */,
				F74D1FFF2831630C0099B5F0 /* Views */,
			);
			path = SearchTab;
			sourceTree = "<group>";
		};
		F74D1FFD2831630C0099B5F0 /* ViewControllers */ = {
			isa = PBXGroup;
			children = (
				F74D1FFE2831630C0099B5F0 /* SearchTabViewController.swift */,
				0A67F3472835F9AF00AACCB8 /* SearchTabExtension.swift */,
			);
			path = ViewControllers;
			sourceTree = "<group>";
		};
		F74D1FFF2831630C0099B5F0 /* Views */ = {
			isa = PBXGroup;
			children = (
				F74D20002831630C0099B5F0 /* Cells */,
				F74D20022831630C0099B5F0 /* InterfaceBuilders */,
			);
			path = Views;
			sourceTree = "<group>";
		};
		F74D20002831630C0099B5F0 /* Cells */ = {
			isa = PBXGroup;
			children = (
				F74D20012831630C0099B5F0 /* RunningContentCell.swift */,
			);
			path = Cells;
			sourceTree = "<group>";
		};
		F74D20022831630C0099B5F0 /* InterfaceBuilders */ = {
			isa = PBXGroup;
			children = (
				F74D20032831630C0099B5F0 /* SearchTab.storyboard */,
			);
			path = InterfaceBuilders;
			sourceTree = "<group>";
		};
		F74D20082831630C0099B5F0 /* LogIn */ = {
			isa = PBXGroup;
			children = (
				F74D20092831630C0099B5F0 /* ViewControllers */,
				F74D200F2831630C0099B5F0 /* Views */,
			);
			path = LogIn;
			sourceTree = "<group>";
		};
		F74D20092831630C0099B5F0 /* ViewControllers */ = {
			isa = PBXGroup;
			children = (
				F74D200A2831630C0099B5F0 /* SocialLogInViewController.swift */,
				F74D200B2831630C0099B5F0 /* AppIntroViewController.swift */,
				F74D200C2831630C0099B5F0 /* SignUpCompleteViewController.swift */,
				F74D200D2831630C0099B5F0 /* ProfileImageMenuViewController.swift */,
				F74D200E2831630C0099B5F0 /* InsertUserInfoViewController.swift */,
			);
			path = ViewControllers;
			sourceTree = "<group>";
		};
		F74D200F2831630C0099B5F0 /* Views */ = {
			isa = PBXGroup;
			children = (
				F74D20102831630C0099B5F0 /* InterfaceBuilders */,
			);
			path = Views;
			sourceTree = "<group>";
		};
		F74D20102831630C0099B5F0 /* InterfaceBuilders */ = {
			isa = PBXGroup;
			children = (
				F74D20112831630C0099B5F0 /* SocialLogIn.storyboard */,
				F74D20122831630C0099B5F0 /* ProfileImageMenu.storyboard */,
				F74D20132831630C0099B5F0 /* SignUpComplete.storyboard */,
				F74D20142831630C0099B5F0 /* InsertUserInfo.storyboard */,
				F74D20152831630C0099B5F0 /* AppIntro.storyboard */,
			);
			path = InterfaceBuilders;
			sourceTree = "<group>";
		};
		F74D2038283163160099B5F0 /* Util */ = {
			isa = PBXGroup;
			children = (
				3A27051128B77C4C00BBDA1D /* Designable */,
				F74D2039283163160099B5F0 /* MoyeoRun */,
				F74D204A283163160099B5F0 /* Components */,
				F74D204E283163160099B5F0 /* Font */,
			);
			path = Util;
			sourceTree = "<group>";
		};
		F74D2039283163160099B5F0 /* MoyeoRun */ = {
			isa = PBXGroup;
			children = (
				F74D203A283163160099B5F0 /* Util */,
			);
			path = MoyeoRun;
			sourceTree = "<group>";
		};
		F74D203A283163160099B5F0 /* Util */ = {
			isa = PBXGroup;
			children = (
				F74D203B283163160099B5F0 /* TestImages */,
			);
			path = Util;
			sourceTree = "<group>";
		};
		F74D203B283163160099B5F0 /* TestImages */ = {
			isa = PBXGroup;
			children = (
				F74D203C283163160099B5F0 /* HomeTab */,
				F74D2046283163160099B5F0 /* 모여런 심볼.png */,
				F74D2047283163160099B5F0 /* 참가자.png */,
				F74D2048283163160099B5F0 /* 프로필 이미지.png */,
				F74D2049283163160099B5F0 /* 벚꽃.jpeg */,
			);
			path = TestImages;
			sourceTree = "<group>";
		};
		F74D203C283163160099B5F0 /* HomeTab */ = {
			isa = PBXGroup;
			children = (
				F74D203D283163160099B5F0 /* HomeTabNewMission3.png */,
				F74D203E283163160099B5F0 /* HomeTabNewMission2.png */,
				F74D203F283163160099B5F0 /* HomeTabNowPopular2.png */,
				F74D2040283163160099B5F0 /* HomeTabNowPopular0.png */,
				F74D2041283163160099B5F0 /* HomeTabNewMission0.png */,
				F74D2042283163160099B5F0 /* HomeTabNewMission1.png */,
				F74D2043283163160099B5F0 /* HomeTabNowPopular1.png */,
				F74D2044283163160099B5F0 /* HomeTabLastRecord0.png */,
				F74D2045283163160099B5F0 /* HomeTabLastRecord1.png */,
			);
			path = HomeTab;
			sourceTree = "<group>";
		};
		F74D204A283163160099B5F0 /* Components */ = {
			isa = PBXGroup;
			children = (
				F74D204B283163160099B5F0 /* MapKit */,
			);
			path = Components;
			sourceTree = "<group>";
		};
		F74D204B283163160099B5F0 /* MapKit */ = {
			isa = PBXGroup;
			children = (
				F74D204C283163160099B5F0 /* MapKitView.xib */,
				F74D204D283163160099B5F0 /* MapKitView.swift */,
			);
			path = MapKit;
			sourceTree = "<group>";
		};
		F74D204E283163160099B5F0 /* Font */ = {
			isa = PBXGroup;
			children = (
				F74D204F283163160099B5F0 /* Roboto */,
			);
			path = Font;
			sourceTree = "<group>";
		};
		F74D204F283163160099B5F0 /* Roboto */ = {
			isa = PBXGroup;
			children = (
				F74D2050283163160099B5F0 /* Roboto-Medium.ttf */,
				F74D2051283163160099B5F0 /* Roboto-Light.ttf */,
				F74D2052283163160099B5F0 /* Roboto-Regular.ttf */,
				F74D2053283163160099B5F0 /* Roboto-MediumItalic.ttf */,
				F74D2054283163160099B5F0 /* Roboto-ThinItalic.ttf */,
				F74D2055283163160099B5F0 /* Roboto-BoldItalic.ttf */,
				F74D2056283163160099B5F0 /* Roboto-LightItalic.ttf */,
				F74D2057283163160099B5F0 /* Roboto-Italic.ttf */,
				F74D2058283163160099B5F0 /* LICENSE.txt */,
				F74D2059283163160099B5F0 /* Roboto-BlackItalic.ttf */,
				F74D205A283163160099B5F0 /* Roboto-Bold.ttf */,
				F74D205B283163160099B5F0 /* Roboto-Thin.ttf */,
				F74D205C283163160099B5F0 /* Roboto-Black.ttf */,
			);
			path = Roboto;
			sourceTree = "<group>";
		};
		F75E9F8D27E9470100000DCD = {
			isa = PBXGroup;
			children = (
				F74D1F9A2831620A0099B5F0 /* Configuration */,
				F75E9F9827E9470100000DCD /* MoyeoRun */,
				F75E9F9727E9470100000DCD /* Products */,
				AA20DD0103093E9F74BF396A /* Pods */,
				DA3B74FF917A76472702F4FF /* Frameworks */,
			);
			sourceTree = "<group>";
		};
		F75E9F9727E9470100000DCD /* Products */ = {
			isa = PBXGroup;
			children = (
				F75E9F9627E9470100000DCD /* MoyeoRun.app */,
			);
			name = Products;
			sourceTree = "<group>";
		};
		F75E9F9827E9470100000DCD /* MoyeoRun */ = {
			isa = PBXGroup;
			children = (
				3AADB25527EF543800AFDE01 /* LifeCycles */,
				F74D1FA3283163030099B5F0 /* Data */,
				F74D1FD32831630C0099B5F0 /* Scenes */,
				F75E9F9D27E9470100000DCD /* ViewController.swift */,
				F75E9F9F27E9470100000DCD /* Main.storyboard */,
				F75E9FA527E9470200000DCD /* Assets.xcassets */,
				F75E9FA727E9470200000DCD /* LaunchScreen.storyboard */,
				F74D2038283163160099B5F0 /* Util */,
				F75E9FAA27E9470200000DCD /* Info.plist */,
				F75E9FA227E9470100000DCD /* MoyeoRun.xcdatamodeld */,
			);
			path = MoyeoRun;
			sourceTree = "<group>";
		};
/* End PBXGroup section */

/* Begin PBXNativeTarget section */
		F75E9F9527E9470100000DCD /* MoyeoRun */ = {
			isa = PBXNativeTarget;
			buildConfigurationList = F75E9FAD27E9470200000DCD /* Build configuration list for PBXNativeTarget "MoyeoRun" */;
			buildPhases = (
				051FAB98EB286DDD5F327C48 /* [CP] Check Pods Manifest.lock */,
				F7D1AA2527EC9E8100E34ACD /* SwiftLint Script */,
				F75E9F9227E9470100000DCD /* Sources */,
				F75E9F9327E9470100000DCD /* Frameworks */,
				F75E9F9427E9470100000DCD /* Resources */,
				14FF2018F3173B260229A185 /* [CP] Embed Pods Frameworks */,
			);
			buildRules = (
			);
			dependencies = (
			);
			name = MoyeoRun;
			productName = MoyeoRun;
			productReference = F75E9F9627E9470100000DCD /* MoyeoRun.app */;
			productType = "com.apple.product-type.application";
		};
/* End PBXNativeTarget section */

/* Begin PBXProject section */
		F75E9F8E27E9470100000DCD /* Project object */ = {
			isa = PBXProject;
			attributes = {
				BuildIndependentTargetsInParallel = 1;
				LastSwiftUpdateCheck = 1320;
				LastUpgradeCheck = 1320;
				TargetAttributes = {
					F75E9F9527E9470100000DCD = {
						CreatedOnToolsVersion = 13.2;
					};
				};
			};
			buildConfigurationList = F75E9F9127E9470100000DCD /* Build configuration list for PBXProject "MoyeoRun" */;
			compatibilityVersion = "Xcode 13.0";
			developmentRegion = en;
			hasScannedForEncodings = 0;
			knownRegions = (
				en,
				Base,
			);
			mainGroup = F75E9F8D27E9470100000DCD;
			productRefGroup = F75E9F9727E9470100000DCD /* Products */;
			projectDirPath = "";
			projectRoot = "";
			targets = (
				F75E9F9527E9470100000DCD /* MoyeoRun */,
			);
		};
/* End PBXProject section */

/* Begin PBXResourcesBuildPhase section */
		F75E9F9427E9470100000DCD /* Resources */ = {
			isa = PBXResourcesBuildPhase;
			buildActionMask = 2147483647;
			files = (
				F74D206F283163160099B5F0 /* Roboto-MediumItalic.ttf in Resources */,
				F74D20162831630C0099B5F0 /* MoyeoRunRoom.storyboard in Resources */,
				F74D2078283163160099B5F0 /* Roboto-Black.ttf in Resources */,
				F74D205F283163160099B5F0 /* HomeTabNowPopular2.png in Resources */,
				F74D20272831630C0099B5F0 /* TabBar.storyboard in Resources */,
				F74D20242831630C0099B5F0 /* MakeRoom.storyboard in Resources */,
				F74D2064283163160099B5F0 /* HomeTabLastRecord0.png in Resources */,
				F74D2060283163160099B5F0 /* HomeTabNowPopular0.png in Resources */,
				F74D2075283163160099B5F0 /* Roboto-BlackItalic.ttf in Resources */,
				F74D206D283163160099B5F0 /* Roboto-Light.ttf in Resources */,
				F74D20362831630C0099B5F0 /* InsertUserInfo.storyboard in Resources */,
				F74D2070283163160099B5F0 /* Roboto-ThinItalic.ttf in Resources */,
				F74D2076283163160099B5F0 /* Roboto-Bold.ttf in Resources */,
				F74D205E283163160099B5F0 /* HomeTabNewMission2.png in Resources */,
				F74D2077283163160099B5F0 /* Roboto-Thin.ttf in Resources */,
				F75E9FA927E9470200000DCD /* LaunchScreen.storyboard in Resources */,
				F74D20332831630C0099B5F0 /* SocialLogIn.storyboard in Resources */,
				3A27051028B7761800BBDA1D /* Room.xib in Resources */,
				F74D206E283163160099B5F0 /* Roboto-Regular.ttf in Resources */,
				F74D206C283163160099B5F0 /* Roboto-Medium.ttf in Resources */,
				F74D2062283163160099B5F0 /* HomeTabNewMission1.png in Resources */,
				F74D2061283163160099B5F0 /* HomeTabNewMission0.png in Resources */,
				F74D2074283163160099B5F0 /* LICENSE.txt in Resources */,
				F74D2071283163160099B5F0 /* Roboto-BoldItalic.ttf in Resources */,
				3A27052828B7979A00BBDA1D /* CurrentRoomListCell.xib in Resources */,
				F74D205D283163160099B5F0 /* HomeTabNewMission3.png in Resources */,
				F74D206A283163160099B5F0 /* MapKitView.xib in Resources */,
				F75E9FA627E9470200000DCD /* Assets.xcassets in Resources */,
				F74D2072283163160099B5F0 /* Roboto-LightItalic.ttf in Resources */,
				F74D202C2831630C0099B5F0 /* SearchTab.storyboard in Resources */,
				3A27052C28B7986100BBDA1D /* RoomHeader.xib in Resources */,
				F75E9FA127E9470100000DCD /* Main.storyboard in Resources */,
				F74D20372831630C0099B5F0 /* AppIntro.storyboard in Resources */,
				F74D2063283163160099B5F0 /* HomeTabNowPopular1.png in Resources */,
				F74D2073283163160099B5F0 /* Roboto-Italic.ttf in Resources */,
				F74D20352831630C0099B5F0 /* SignUpComplete.storyboard in Resources */,
				3A27052028B7976800BBDA1D /* HomeTopCell.xib in Resources */,
				F74D20292831630C0099B5F0 /* MyPage.storyboard in Resources */,
				F74D2067283163160099B5F0 /* 참가자.png in Resources */,
				F74D20342831630C0099B5F0 /* ProfileImageMenu.storyboard in Resources */,
				F74D201E2831630C0099B5F0 /* HomeTab.storyboard in Resources */,
				3A27052428B7978800BBDA1D /* CurrentJoinRoomCell.xib in Resources */,
				F74D2068283163160099B5F0 /* 프로필 이미지.png in Resources */,
				F74D2069283163160099B5F0 /* 벚꽃.jpeg in Resources */,
				0A54156F28629D540050AF60 /* RecordDetail.storyboard in Resources */,
				F74D2065283163160099B5F0 /* HomeTabLastRecord1.png in Resources */,
				0A75B2B42837363C00544AB5 /* RecordTab.storyboard in Resources */,
				F74D20232831630C0099B5F0 /* SelectPhoto.storyboard in Resources */,
				F74D2066283163160099B5F0 /* 모여런 심볼.png in Resources */,
			);
			runOnlyForDeploymentPostprocessing = 0;
		};
/* End PBXResourcesBuildPhase section */

/* Begin PBXShellScriptBuildPhase section */
		051FAB98EB286DDD5F327C48 /* [CP] Check Pods Manifest.lock */ = {
			isa = PBXShellScriptBuildPhase;
			buildActionMask = 2147483647;
			files = (
			);
			inputFileListPaths = (
			);
			inputPaths = (
				"${PODS_PODFILE_DIR_PATH}/Podfile.lock",
				"${PODS_ROOT}/Manifest.lock",
			);
			name = "[CP] Check Pods Manifest.lock";
			outputFileListPaths = (
			);
			outputPaths = (
				"$(DERIVED_FILE_DIR)/Pods-MoyeoRun-checkManifestLockResult.txt",
			);
			runOnlyForDeploymentPostprocessing = 0;
			shellPath = /bin/sh;
			shellScript = "diff \"${PODS_PODFILE_DIR_PATH}/Podfile.lock\" \"${PODS_ROOT}/Manifest.lock\" > /dev/null\nif [ $? != 0 ] ; then\n    # print error to STDERR\n    echo \"error: The sandbox is not in sync with the Podfile.lock. Run 'pod install' or update your CocoaPods installation.\" >&2\n    exit 1\nfi\n# This output is used by Xcode 'outputs' to avoid re-running this script phase.\necho \"SUCCESS\" > \"${SCRIPT_OUTPUT_FILE_0}\"\n";
			showEnvVarsInLog = 0;
		};
		14FF2018F3173B260229A185 /* [CP] Embed Pods Frameworks */ = {
			isa = PBXShellScriptBuildPhase;
			buildActionMask = 2147483647;
			files = (
			);
			inputFileListPaths = (
				"${PODS_ROOT}/Target Support Files/Pods-MoyeoRun/Pods-MoyeoRun-frameworks-${CONFIGURATION}-input-files.xcfilelist",
			);
			name = "[CP] Embed Pods Frameworks";
			outputFileListPaths = (
				"${PODS_ROOT}/Target Support Files/Pods-MoyeoRun/Pods-MoyeoRun-frameworks-${CONFIGURATION}-output-files.xcfilelist",
			);
			runOnlyForDeploymentPostprocessing = 0;
			shellPath = /bin/sh;
			shellScript = "\"${PODS_ROOT}/Target Support Files/Pods-MoyeoRun/Pods-MoyeoRun-frameworks.sh\"\n";
			showEnvVarsInLog = 0;
		};
		F7D1AA2527EC9E8100E34ACD /* SwiftLint Script */ = {
			isa = PBXShellScriptBuildPhase;
			buildActionMask = 2147483647;
			files = (
			);
			inputFileListPaths = (
			);
			inputPaths = (
			);
			name = "SwiftLint Script";
			outputFileListPaths = (
			);
			outputPaths = (
			);
			runOnlyForDeploymentPostprocessing = 0;
			shellPath = /bin/sh;
			shellScript = "# Type a script or drag a script file from your workspace to insert its path.\n\"${PODS_ROOT}/SwiftLint/swiftlint\"\n";
		};
/* End PBXShellScriptBuildPhase section */

/* Begin PBXSourcesBuildPhase section */
		F75E9F9227E9470100000DCD /* Sources */ = {
			isa = PBXSourcesBuildPhase;
			buildActionMask = 2147483647;
			files = (
				F74D1FC7283163030099B5F0 /* AuthLocalDataSource.swift in Sources */,
				F74D1FC6283163030099B5F0 /* AuthRemoteDataSource.swift in Sources */,
				F74D202A2831630C0099B5F0 /* SearchTabViewController.swift in Sources */,
				F74D1FC4283163030099B5F0 /* SignUpDTO.swift in Sources */,
				F74D1FCB283163030099B5F0 /* UserRemoteDataSource.swift in Sources */,
				F74D1FD2283163030099B5F0 /* KeychainStore.swift in Sources */,
				F74D20322831630C0099B5F0 /* InsertUserInfoViewController.swift in Sources */,
				F74D202B2831630C0099B5F0 /* RunningContentCell.swift in Sources */,
				F74D20282831630C0099B5F0 /* MyPageViewController.swift in Sources */,
				416E8FEC28B6370500BBA05E /* Interceptor.swift in Sources */,
				0A75B2B62837364800544AB5 /* RecordTabViewController.swift in Sources */,
				F74D1FCD283163030099B5F0 /* Response.swift in Sources */,
				F74D206B283163160099B5F0 /* MapKitView.swift in Sources */,
				0A67F3482835F9AF00AACCB8 /* SearchTabExtension.swift in Sources */,
				F74D20302831630C0099B5F0 /* SignUpCompleteViewController.swift in Sources */,
				F74D1FD1283163030099B5F0 /* Keychain.swift in Sources */,
				F74D1FC8283163030099B5F0 /* AuthRepository.swift in Sources */,
				F74D1FCA283163030099B5F0 /* UserDTO.swift in Sources */,
				F75E9F9E27E9470100000DCD /* ViewController.swift in Sources */,
				F74D1FC1283163030099B5F0 /* SignInDTO.swift in Sources */,
				F74D20252831630C0099B5F0 /* Extensions.swift in Sources */,
				F74D1F9E2831620A0099B5F0 /* Configuation.swift in Sources */,
				3A27051528B77E7E00BBDA1D /* RoomView.swift in Sources */,
				0AA674E72866BECD006A7E72 /* RecordTabExtension.swift in Sources */,
				F74D1FC3283163030099B5F0 /* LogoutDTO.swift in Sources */,
				F74D1FC2283163030099B5F0 /* RefreshDTO.swift in Sources */,
				3A27052B28B7986100BBDA1D /* RoomHeader.swift in Sources */,
				F74D1FCF283163030099B5F0 /* TargetType+.swift in Sources */,
				F74D1FCE283163030099B5F0 /* MoyaProvider+.swift in Sources */,
				0A54157128629D780050AF60 /* RecordDetailViewController.swift in Sources */,
				3A27052328B7978800BBDA1D /* CurrentJoinRoomCell.swift in Sources */,
				F74D20312831630C0099B5F0 /* ProfileImageMenuViewController.swift in Sources */,
				0AA674E528657EB7006A7E72 /* CalendarViewController.swift in Sources */,
				F75E9F9A27E9470100000DCD /* AppDelegate.swift in Sources */,
				F74D20212831630C0099B5F0 /* PhotoCell.swift in Sources */,
				F74D20222831630C0099B5F0 /* PopupViewController.swift in Sources */,
				3A0F803128BD0A230071A621 /* StartTimePopUpViewController.swift in Sources */,
				3A27051328B77CD000BBDA1D /* UIView+.swift in Sources */,
				F74D1FD0283163030099B5F0 /* KeychainKeyType.swift in Sources */,
				3A27052728B7979A00BBDA1D /* CurrentRoomListCell.swift in Sources */,
				3A27051B28B7920500BBDA1D /* HomeViewController.swift in Sources */,
				F74D20202831630C0099B5F0 /* SelectPhotoController.swift in Sources */,
				F74D202E2831630C0099B5F0 /* SocialLogInViewController.swift in Sources */,
				3A27051928B7825100BBDA1D /* CurrentRoomListDTO.swift in Sources */,
				F74D202F2831630C0099B5F0 /* AppIntroViewController.swift in Sources */,
				0A5FFF3D283BBDDD004D86E0 /* RunningRecordCell.swift in Sources */,
				F74D1FC5283163030099B5F0 /* AuthDTO.swift in Sources */,
				F75E9F9C27E9470100000DCD /* SceneDelegate.swift in Sources */,
				F74D20262831630C0099B5F0 /* TabBarViewController.swift in Sources */,
				F75E9FA427E9470100000DCD /* MoyeoRun.xcdatamodeld in Sources */,
				F74D1FCC283163030099B5F0 /* UserRepository.swift in Sources */,
				3A27051F28B7976800BBDA1D /* HomeTopCell.swift in Sources */,
				F74D201F2831630C0099B5F0 /* MakeRoomController.swift in Sources */,
				F74D1FC9283163030099B5F0 /* DuplicateDTO.swift in Sources */,
			);
			runOnlyForDeploymentPostprocessing = 0;
		};
/* End PBXSourcesBuildPhase section */

/* Begin PBXVariantGroup section */
		F75E9F9F27E9470100000DCD /* Main.storyboard */ = {
			isa = PBXVariantGroup;
			children = (
				F75E9FA027E9470100000DCD /* Base */,
			);
			name = Main.storyboard;
			sourceTree = "<group>";
		};
		F75E9FA727E9470200000DCD /* LaunchScreen.storyboard */ = {
			isa = PBXVariantGroup;
			children = (
				F75E9FA827E9470200000DCD /* Base */,
			);
			name = LaunchScreen.storyboard;
			sourceTree = "<group>";
		};
/* End PBXVariantGroup section */

/* Begin XCBuildConfiguration section */
		F75E9FAB27E9470200000DCD /* Debug */ = {
			isa = XCBuildConfiguration;
			baseConfigurationReference = 538E40A5DF919EBE4881FE83 /* Pods-MoyeoRun.debug.xcconfig */;
			buildSettings = {
				ALWAYS_SEARCH_USER_PATHS = NO;
				CLANG_ANALYZER_NONNULL = YES;
				CLANG_ANALYZER_NUMBER_OBJECT_CONVERSION = YES_AGGRESSIVE;
				CLANG_CXX_LANGUAGE_STANDARD = "gnu++17";
				CLANG_CXX_LIBRARY = "libc++";
				CLANG_ENABLE_MODULES = YES;
				CLANG_ENABLE_OBJC_ARC = YES;
				CLANG_ENABLE_OBJC_WEAK = YES;
				CLANG_WARN_BLOCK_CAPTURE_AUTORELEASING = YES;
				CLANG_WARN_BOOL_CONVERSION = YES;
				CLANG_WARN_COMMA = YES;
				CLANG_WARN_CONSTANT_CONVERSION = YES;
				CLANG_WARN_DEPRECATED_OBJC_IMPLEMENTATIONS = YES;
				CLANG_WARN_DIRECT_OBJC_ISA_USAGE = YES_ERROR;
				CLANG_WARN_DOCUMENTATION_COMMENTS = YES;
				CLANG_WARN_EMPTY_BODY = YES;
				CLANG_WARN_ENUM_CONVERSION = YES;
				CLANG_WARN_INFINITE_RECURSION = YES;
				CLANG_WARN_INT_CONVERSION = YES;
				CLANG_WARN_NON_LITERAL_NULL_CONVERSION = YES;
				CLANG_WARN_OBJC_IMPLICIT_RETAIN_SELF = YES;
				CLANG_WARN_OBJC_LITERAL_CONVERSION = YES;
				CLANG_WARN_OBJC_ROOT_CLASS = YES_ERROR;
				CLANG_WARN_QUOTED_INCLUDE_IN_FRAMEWORK_HEADER = YES;
				CLANG_WARN_RANGE_LOOP_ANALYSIS = YES;
				CLANG_WARN_STRICT_PROTOTYPES = YES;
				CLANG_WARN_SUSPICIOUS_MOVE = YES;
				CLANG_WARN_UNGUARDED_AVAILABILITY = YES_AGGRESSIVE;
				CLANG_WARN_UNREACHABLE_CODE = YES;
				CLANG_WARN__DUPLICATE_METHOD_MATCH = YES;
				COPY_PHASE_STRIP = NO;
				DEBUG_INFORMATION_FORMAT = dwarf;
				ENABLE_STRICT_OBJC_MSGSEND = YES;
				ENABLE_TESTABILITY = YES;
				GCC_C_LANGUAGE_STANDARD = gnu11;
				GCC_DYNAMIC_NO_PIC = NO;
				GCC_NO_COMMON_BLOCKS = YES;
				GCC_OPTIMIZATION_LEVEL = 0;
				GCC_PREPROCESSOR_DEFINITIONS = (
					"DEBUG=1",
					"$(inherited)",
				);
				GCC_WARN_64_TO_32_BIT_CONVERSION = YES;
				GCC_WARN_ABOUT_RETURN_TYPE = YES_ERROR;
				GCC_WARN_UNDECLARED_SELECTOR = YES;
				GCC_WARN_UNINITIALIZED_AUTOS = YES_AGGRESSIVE;
				GCC_WARN_UNUSED_FUNCTION = YES;
				GCC_WARN_UNUSED_VARIABLE = YES;
				IPHONEOS_DEPLOYMENT_TARGET = 13.0;
				MTL_ENABLE_DEBUG_INFO = INCLUDE_SOURCE;
				MTL_FAST_MATH = YES;
				ONLY_ACTIVE_ARCH = YES;
				SDKROOT = iphoneos;
				SWIFT_ACTIVE_COMPILATION_CONDITIONS = DEBUG;
				SWIFT_OPTIMIZATION_LEVEL = "-Onone";
			};
			name = Debug;
		};
		F75E9FAC27E9470200000DCD /* Release */ = {
			isa = XCBuildConfiguration;
			baseConfigurationReference = ACF6235AE0ADD0047158FA4F /* Pods-MoyeoRun.release.xcconfig */;
			buildSettings = {
				ALWAYS_SEARCH_USER_PATHS = NO;
				CLANG_ANALYZER_NONNULL = YES;
				CLANG_ANALYZER_NUMBER_OBJECT_CONVERSION = YES_AGGRESSIVE;
				CLANG_CXX_LANGUAGE_STANDARD = "gnu++17";
				CLANG_CXX_LIBRARY = "libc++";
				CLANG_ENABLE_MODULES = YES;
				CLANG_ENABLE_OBJC_ARC = YES;
				CLANG_ENABLE_OBJC_WEAK = YES;
				CLANG_WARN_BLOCK_CAPTURE_AUTORELEASING = YES;
				CLANG_WARN_BOOL_CONVERSION = YES;
				CLANG_WARN_COMMA = YES;
				CLANG_WARN_CONSTANT_CONVERSION = YES;
				CLANG_WARN_DEPRECATED_OBJC_IMPLEMENTATIONS = YES;
				CLANG_WARN_DIRECT_OBJC_ISA_USAGE = YES_ERROR;
				CLANG_WARN_DOCUMENTATION_COMMENTS = YES;
				CLANG_WARN_EMPTY_BODY = YES;
				CLANG_WARN_ENUM_CONVERSION = YES;
				CLANG_WARN_INFINITE_RECURSION = YES;
				CLANG_WARN_INT_CONVERSION = YES;
				CLANG_WARN_NON_LITERAL_NULL_CONVERSION = YES;
				CLANG_WARN_OBJC_IMPLICIT_RETAIN_SELF = YES;
				CLANG_WARN_OBJC_LITERAL_CONVERSION = YES;
				CLANG_WARN_OBJC_ROOT_CLASS = YES_ERROR;
				CLANG_WARN_QUOTED_INCLUDE_IN_FRAMEWORK_HEADER = YES;
				CLANG_WARN_RANGE_LOOP_ANALYSIS = YES;
				CLANG_WARN_STRICT_PROTOTYPES = YES;
				CLANG_WARN_SUSPICIOUS_MOVE = YES;
				CLANG_WARN_UNGUARDED_AVAILABILITY = YES_AGGRESSIVE;
				CLANG_WARN_UNREACHABLE_CODE = YES;
				CLANG_WARN__DUPLICATE_METHOD_MATCH = YES;
				COPY_PHASE_STRIP = NO;
				DEBUG_INFORMATION_FORMAT = "dwarf-with-dsym";
				ENABLE_NS_ASSERTIONS = NO;
				ENABLE_STRICT_OBJC_MSGSEND = YES;
				GCC_C_LANGUAGE_STANDARD = gnu11;
				GCC_NO_COMMON_BLOCKS = YES;
				GCC_WARN_64_TO_32_BIT_CONVERSION = YES;
				GCC_WARN_ABOUT_RETURN_TYPE = YES_ERROR;
				GCC_WARN_UNDECLARED_SELECTOR = YES;
				GCC_WARN_UNINITIALIZED_AUTOS = YES_AGGRESSIVE;
				GCC_WARN_UNUSED_FUNCTION = YES;
				GCC_WARN_UNUSED_VARIABLE = YES;
				IPHONEOS_DEPLOYMENT_TARGET = 13.0;
				MTL_ENABLE_DEBUG_INFO = NO;
				MTL_FAST_MATH = YES;
				SDKROOT = iphoneos;
				SWIFT_COMPILATION_MODE = wholemodule;
				SWIFT_OPTIMIZATION_LEVEL = "-O";
				VALIDATE_PRODUCT = YES;
			};
			name = Release;
		};
		F75E9FAE27E9470200000DCD /* Debug */ = {
			isa = XCBuildConfiguration;
			baseConfigurationReference = 538E40A5DF919EBE4881FE83 /* Pods-MoyeoRun.debug.xcconfig */;
			buildSettings = {
				ASSETCATALOG_COMPILER_APPICON_NAME = AppIcon;
				ASSETCATALOG_COMPILER_GLOBAL_ACCENT_COLOR_NAME = AccentColor;
				CODE_SIGN_STYLE = Automatic;
				CURRENT_PROJECT_VERSION = 1;
				GENERATE_INFOPLIST_FILE = YES;
				INFOPLIST_FILE = MoyeoRun/Info.plist;
				INFOPLIST_KEY_NSLocationAlwaysAndWhenInUseUsageDescription = "사용자의 위치 정보를 받으려고 합니다.";
				INFOPLIST_KEY_UIApplicationSupportsIndirectInputEvents = YES;
				INFOPLIST_KEY_UILaunchStoryboardName = LaunchScreen;
				INFOPLIST_KEY_UIMainStoryboardFile = TabBar;
				INFOPLIST_KEY_UISupportedInterfaceOrientations_iPad = "UIInterfaceOrientationPortrait UIInterfaceOrientationPortraitUpsideDown UIInterfaceOrientationLandscapeLeft UIInterfaceOrientationLandscapeRight";
				INFOPLIST_KEY_UISupportedInterfaceOrientations_iPhone = "UIInterfaceOrientationPortrait UIInterfaceOrientationLandscapeLeft UIInterfaceOrientationLandscapeRight";
				IPHONEOS_DEPLOYMENT_TARGET = 13.0;
				LD_RUNPATH_SEARCH_PATHS = (
					"$(inherited)",
					"@executable_path/Frameworks",
				);
				MARKETING_VERSION = 1.0;
				PRODUCT_BUNDLE_IDENTIFIER = MoyeoRun.MoyeoRun;
				PRODUCT_NAME = "$(TARGET_NAME)";
				SWIFT_EMIT_LOC_STRINGS = YES;
				SWIFT_VERSION = 5.0;
				TARGETED_DEVICE_FAMILY = "1,2";
			};
			name = Debug;
		};
		F75E9FAF27E9470200000DCD /* Release */ = {
			isa = XCBuildConfiguration;
			baseConfigurationReference = ACF6235AE0ADD0047158FA4F /* Pods-MoyeoRun.release.xcconfig */;
			buildSettings = {
				ASSETCATALOG_COMPILER_APPICON_NAME = AppIcon;
				ASSETCATALOG_COMPILER_GLOBAL_ACCENT_COLOR_NAME = AccentColor;
				CODE_SIGN_STYLE = Automatic;
				CURRENT_PROJECT_VERSION = 1;
				GENERATE_INFOPLIST_FILE = YES;
				INFOPLIST_FILE = MoyeoRun/Info.plist;
				INFOPLIST_KEY_NSLocationAlwaysAndWhenInUseUsageDescription = "사용자의 위치 정보를 받으려고 합니다.";
				INFOPLIST_KEY_UIApplicationSupportsIndirectInputEvents = YES;
				INFOPLIST_KEY_UILaunchStoryboardName = LaunchScreen;
				INFOPLIST_KEY_UIMainStoryboardFile = TabBar;
				INFOPLIST_KEY_UISupportedInterfaceOrientations_iPad = "UIInterfaceOrientationPortrait UIInterfaceOrientationPortraitUpsideDown UIInterfaceOrientationLandscapeLeft UIInterfaceOrientationLandscapeRight";
				INFOPLIST_KEY_UISupportedInterfaceOrientations_iPhone = "UIInterfaceOrientationPortrait UIInterfaceOrientationLandscapeLeft UIInterfaceOrientationLandscapeRight";
				IPHONEOS_DEPLOYMENT_TARGET = 13.0;
				LD_RUNPATH_SEARCH_PATHS = (
					"$(inherited)",
					"@executable_path/Frameworks",
				);
				MARKETING_VERSION = 1.0;
				PRODUCT_BUNDLE_IDENTIFIER = MoyeoRun.MoyeoRun;
				PRODUCT_NAME = "$(TARGET_NAME)";
				SWIFT_EMIT_LOC_STRINGS = YES;
				SWIFT_VERSION = 5.0;
				TARGETED_DEVICE_FAMILY = "1,2";
			};
			name = Release;
		};
/* End XCBuildConfiguration section */

/* Begin XCConfigurationList section */
		F75E9F9127E9470100000DCD /* Build configuration list for PBXProject "MoyeoRun" */ = {
			isa = XCConfigurationList;
			buildConfigurations = (
				F75E9FAB27E9470200000DCD /* Debug */,
				F75E9FAC27E9470200000DCD /* Release */,
			);
			defaultConfigurationIsVisible = 0;
			defaultConfigurationName = Release;
		};
		F75E9FAD27E9470200000DCD /* Build configuration list for PBXNativeTarget "MoyeoRun" */ = {
			isa = XCConfigurationList;
			buildConfigurations = (
				F75E9FAE27E9470200000DCD /* Debug */,
				F75E9FAF27E9470200000DCD /* Release */,
			);
			defaultConfigurationIsVisible = 0;
			defaultConfigurationName = Release;
		};
/* End XCConfigurationList section */

/* Begin XCVersionGroup section */
		F75E9FA227E9470100000DCD /* MoyeoRun.xcdatamodeld */ = {
			isa = XCVersionGroup;
			children = (
				F75E9FA327E9470100000DCD /* MoyeoRun.xcdatamodel */,
			);
			currentVersion = F75E9FA327E9470100000DCD /* MoyeoRun.xcdatamodel */;
			path = MoyeoRun.xcdatamodeld;
			sourceTree = "<group>";
			versionGroupType = wrapper.xcdatamodel;
		};
/* End XCVersionGroup section */
	};
	rootObject = F75E9F8E27E9470100000DCD /* Project object */;
}
